
Microsoft Visual Studio Solution File, Format Version 12.00
# Visual Studio Version 17
VisualStudioVersion = 17.0.32014.148
MinimumVisualStudioVersion = 10.0.40219.1
Project("{FAE04EC0-301F-11D3-BF4B-00C04F79EFBC}") = "Calculadora", "Calculadora\Calculadora.csproj", "{1D54C301-C166-48E7-9AA0-6C0A8E5E9969}"
EndProject
Global
	GlobalSection(SolutionConfigurationPlatforms) = preSolution
		Debug|Any CPU = Debug|Any CPU
		Release|Any CPU = Release|Any CPU
	EndGlobalSection
	GlobalSection(ProjectConfigurationPlatforms) = postSolution
		{1D54C301-C166-48E7-9AA0-6C0A8E5E9969}.Debug|Any CPU.ActiveCfg = Debug|Any CPU
		{1D54C301-C166-48E7-9AA0-6C0A8E5E9969}.Debug|Any CPU.Build.0 = Debug|Any CPU
		{1D54C301-C166-48E7-9AA0-6C0A8E5E9969}.Release|Any CPU.ActiveCfg = Release|Any CPU
		{1D54C301-C166-48E7-9AA0-6C0A8E5E9969}.Release|Any CPU.Build.0 = Release|Any CPU
	EndGlobalSection
	GlobalSection(SolutionProperties) = preSolution
		HideSolutionNode = FALSE
	EndGlobalSection
	GlobalSection(ExtensibilityGlobals) = postSolution
		SolutionGuid = {78E0280E-997A-4D61-9AA1-24CAC17E9455}
	EndGlobalSection
EndGlobal
